
Microsoft Visual Studio Solution File, Format Version 12.00
# Visual Studio Version 16
VisualStudioVersion = 16.0.31729.503
MinimumVisualStudioVersion = 10.0.40219.1
Project("{FAE04EC0-301F-11D3-BF4B-00C04F79EFBC}") = "Codelab 2", "Codelab 2\Codelab 2.csproj", "{4139A750-D673-4CB4-9608-94D1C4832592}"
EndProject
Global
	GlobalSection(SolutionConfigurationPlatforms) = preSolution
		Debug|Any CPU = Debug|Any CPU
		Release|Any CPU = Release|Any CPU
	EndGlobalSection
	GlobalSection(ProjectConfigurationPlatforms) = postSolution
		{4139A750-D673-4CB4-9608-94D1C4832592}.Debug|Any CPU.ActiveCfg = Debug|Any CPU
		{4139A750-D673-4CB4-9608-94D1C4832592}.Debug|Any CPU.Build.0 = Debug|Any CPU
		{4139A750-D673-4CB4-9608-94D1C4832592}.Release|Any CPU.ActiveCfg = Release|Any CPU
		{4139A750-D673-4CB4-9608-94D1C4832592}.Release|Any CPU.Build.0 = Release|Any CPU
	EndGlobalSection
	GlobalSection(SolutionProperties) = preSolution
		HideSolutionNode = FALSE
	EndGlobalSection
	GlobalSection(ExtensibilityGlobals) = postSolution
		SolutionGuid = {F88ABA22-2ABE-48BB-9FD2-C94B1DA16494}
	EndGlobalSection
EndGlobal
